
Microsoft Visual Studio Solution File, Format Version 11.00
# Visual Studio 2010
Project("{FAE04EC0-301F-11D3-BF4B-00C04F79EFBC}") = "Estoque.Dados", "Estoque.Dados\Estoque.Dados.csproj", "{B7289106-A4F6-417C-860D-BDE1C8D7C1C6}"
	ProjectSection(ProjectDependencies) = postProject
		{0084FB23-1598-412F-BAA4-5ECCF73169B1} = {0084FB23-1598-412F-BAA4-5ECCF73169B1}
	EndProjectSection
EndProject
Project("{FAE04EC0-301F-11D3-BF4B-00C04F79EFBC}") = "Estoque.Module", "Estoque.Module\Estoque.Module.csproj", "{0084FB23-1598-412F-BAA4-5ECCF73169B1}"
EndProject
Project("{FAE04EC0-301F-11D3-BF4B-00C04F79EFBC}") = "Estoque.Controller", "Estoque.Controller\Estoque.Controller.csproj", "{238A15F6-7EB9-42CE-8258-C7B630170139}"
	ProjectSection(ProjectDependencies) = postProject
		{B7289106-A4F6-417C-860D-BDE1C8D7C1C6} = {B7289106-A4F6-417C-860D-BDE1C8D7C1C6}
		{0084FB23-1598-412F-BAA4-5ECCF73169B1} = {0084FB23-1598-412F-BAA4-5ECCF73169B1}
	EndProjectSection
EndProject
Project("{FAE04EC0-301F-11D3-BF4B-00C04F79EFBC}") = "Estoque.View", "Estoque.View\Estoque.View.csproj", "{CF77D619-B95F-46FC-9784-DB1BD5C9E67D}"
	ProjectSection(ProjectDependencies) = postProject
		{0084FB23-1598-412F-BAA4-5ECCF73169B1} = {0084FB23-1598-412F-BAA4-5ECCF73169B1}
		{238A15F6-7EB9-42CE-8258-C7B630170139} = {238A15F6-7EB9-42CE-8258-C7B630170139}
	EndProjectSection
EndProject
Project("{F088123C-0E9E-452A-89E6-6BA2F21D5CAC}") = "Estoque.Modelagem", "Estoque.Modelagem\Estoque.Modelagem.modelproj", "{654FED3C-866C-45E7-974B-A537F72658EA}"
EndProject
Project("{2150E333-8FDC-42A3-9474-1A3956D46DE8}") = "Imagens", "Imagens", "{31DB4164-CECE-43F9-B0DC-274F6E59A7BC}"
	ProjectSection(SolutionItems) = preProject
		Arquivos\Search32.png = Arquivos\Search32.png
	EndProjectSection
EndProject
Global
	GlobalSection(SolutionConfigurationPlatforms) = preSolution
		Debug|Any CPU = Debug|Any CPU
		Debug|Mixed Platforms = Debug|Mixed Platforms
		Debug|x86 = Debug|x86
		Release|Any CPU = Release|Any CPU
		Release|Mixed Platforms = Release|Mixed Platforms
		Release|x86 = Release|x86
	EndGlobalSection
	GlobalSection(ProjectConfigurationPlatforms) = postSolution
		{B7289106-A4F6-417C-860D-BDE1C8D7C1C6}.Debug|Any CPU.ActiveCfg = Debug|x86
		{B7289106-A4F6-417C-860D-BDE1C8D7C1C6}.Debug|Mixed Platforms.ActiveCfg = Debug|x86
		{B7289106-A4F6-417C-860D-BDE1C8D7C1C6}.Debug|Mixed Platforms.Build.0 = Debug|x86
		{B7289106-A4F6-417C-860D-BDE1C8D7C1C6}.Debug|x86.ActiveCfg = Debug|x86
		{B7289106-A4F6-417C-860D-BDE1C8D7C1C6}.Debug|x86.Build.0 = Debug|x86
		{B7289106-A4F6-417C-860D-BDE1C8D7C1C6}.Release|Any CPU.ActiveCfg = Release|x86
		{B7289106-A4F6-417C-860D-BDE1C8D7C1C6}.Release|Mixed Platforms.ActiveCfg = Release|x86
		{B7289106-A4F6-417C-860D-BDE1C8D7C1C6}.Release|Mixed Platforms.Build.0 = Release|x86
		{B7289106-A4F6-417C-860D-BDE1C8D7C1C6}.Release|x86.ActiveCfg = Release|x86
		{B7289106-A4F6-417C-860D-BDE1C8D7C1C6}.Release|x86.Build.0 = Release|x86
		{0084FB23-1598-412F-BAA4-5ECCF73169B1}.Debug|Any CPU.ActiveCfg = Debug|x86
		{0084FB23-1598-412F-BAA4-5ECCF73169B1}.Debug|Mixed Platforms.ActiveCfg = Debug|x86
		{0084FB23-1598-412F-BAA4-5ECCF73169B1}.Debug|Mixed Platforms.Build.0 = Debug|x86
		{0084FB23-1598-412F-BAA4-5ECCF73169B1}.Debug|x86.ActiveCfg = Debug|x86
		{0084FB23-1598-412F-BAA4-5ECCF73169B1}.Debug|x86.Build.0 = Debug|x86
		{0084FB23-1598-412F-BAA4-5ECCF73169B1}.Release|Any CPU.ActiveCfg = Release|x86
		{0084FB23-1598-412F-BAA4-5ECCF73169B1}.Release|Mixed Platforms.ActiveCfg = Release|x86
		{0084FB23-1598-412F-BAA4-5ECCF73169B1}.Release|Mixed Platforms.Build.0 = Release|x86
		{0084FB23-1598-412F-BAA4-5ECCF73169B1}.Release|x86.ActiveCfg = Release|x86
		{0084FB23-1598-412F-BAA4-5ECCF73169B1}.Release|x86.Build.0 = Release|x86
		{238A15F6-7EB9-42CE-8258-C7B630170139}.Debug|Any CPU.ActiveCfg = Debug|x86
		{238A15F6-7EB9-42CE-8258-C7B630170139}.Debug|Mixed Platforms.ActiveCfg = Debug|x86
		{238A15F6-7EB9-42CE-8258-C7B630170139}.Debug|Mixed Platforms.Build.0 = Debug|x86
		{238A15F6-7EB9-42CE-8258-C7B630170139}.Debug|x86.ActiveCfg = Debug|x86
		{238A15F6-7EB9-42CE-8258-C7B630170139}.Debug|x86.Build.0 = Debug|x86
		{238A15F6-7EB9-42CE-8258-C7B630170139}.Release|Any CPU.ActiveCfg = Release|x86
		{238A15F6-7EB9-42CE-8258-C7B630170139}.Release|Mixed Platforms.ActiveCfg = Release|x86
		{238A15F6-7EB9-42CE-8258-C7B630170139}.Release|Mixed Platforms.Build.0 = Release|x86
		{238A15F6-7EB9-42CE-8258-C7B630170139}.Release|x86.ActiveCfg = Release|x86
		{238A15F6-7EB9-42CE-8258-C7B630170139}.Release|x86.Build.0 = Release|x86
		{CF77D619-B95F-46FC-9784-DB1BD5C9E67D}.Debug|Any CPU.ActiveCfg = Debug|x86
		{CF77D619-B95F-46FC-9784-DB1BD5C9E67D}.Debug|Mixed Platforms.ActiveCfg = Debug|x86
		{CF77D619-B95F-46FC-9784-DB1BD5C9E67D}.Debug|Mixed Platforms.Build.0 = Debug|x86
		{CF77D619-B95F-46FC-9784-DB1BD5C9E67D}.Debug|x86.ActiveCfg = Debug|x86
		{CF77D619-B95F-46FC-9784-DB1BD5C9E67D}.Debug|x86.Build.0 = Debug|x86
		{CF77D619-B95F-46FC-9784-DB1BD5C9E67D}.Release|Any CPU.ActiveCfg = Release|x86
		{CF77D619-B95F-46FC-9784-DB1BD5C9E67D}.Release|Mixed Platforms.ActiveCfg = Release|x86
		{CF77D619-B95F-46FC-9784-DB1BD5C9E67D}.Release|Mixed Platforms.Build.0 = Release|x86
		{CF77D619-B95F-46FC-9784-DB1BD5C9E67D}.Release|x86.ActiveCfg = Release|x86
		{CF77D619-B95F-46FC-9784-DB1BD5C9E67D}.Release|x86.Build.0 = Release|x86
		{654FED3C-866C-45E7-974B-A537F72658EA}.Debug|Any CPU.ActiveCfg = Debug|Any CPU
		{654FED3C-866C-45E7-974B-A537F72658EA}.Debug|Any CPU.Build.0 = Debug|Any CPU
		{654FED3C-866C-45E7-974B-A537F72658EA}.Debug|Mixed Platforms.ActiveCfg = Debug|Any CPU
		{654FED3C-866C-45E7-974B-A537F72658EA}.Debug|Mixed Platforms.Build.0 = Debug|Any CPU
		{654FED3C-866C-45E7-974B-A537F72658EA}.Debug|x86.ActiveCfg = Debug|Any CPU
		{654FED3C-866C-45E7-974B-A537F72658EA}.Release|Any CPU.ActiveCfg = Release|Any CPU
		{654FED3C-866C-45E7-974B-A537F72658EA}.Release|Any CPU.Build.0 = Release|Any CPU
		{654FED3C-866C-45E7-974B-A537F72658EA}.Release|Mixed Platforms.ActiveCfg = Release|Any CPU
		{654FED3C-866C-45E7-974B-A537F72658EA}.Release|Mixed Platforms.Build.0 = Release|Any CPU
		{654FED3C-866C-45E7-974B-A537F72658EA}.Release|x86.ActiveCfg = Release|Any CPU
	EndGlobalSection
	GlobalSection(SolutionProperties) = preSolution
		HideSolutionNode = FALSE
	EndGlobalSection
EndGlobal
